
Microsoft Visual Studio Solution File, Format Version 12.00
# Visual Studio Version 16
VisualStudioVersion = 16.0.30803.129
MinimumVisualStudioVersion = 10.0.40219.1
Project("{FAE04EC0-301F-11D3-BF4B-00C04F79EFBC}") = "Scheduler", "Scheduler\Scheduler.csproj", "{43CFED78-F3A5-4270-BC07-05D75984685A}"
EndProject
Global
	GlobalSection(SolutionConfigurationPlatforms) = preSolution
		Debug|Any CPU = Debug|Any CPU
		Release|Any CPU = Release|Any CPU
	EndGlobalSection
	GlobalSection(ProjectConfigurationPlatforms) = postSolution
		{43CFED78-F3A5-4270-BC07-05D75984685A}.Debug|Any CPU.ActiveCfg = Debug|Any CPU
		{43CFED78-F3A5-4270-BC07-05D75984685A}.Debug|Any CPU.Build.0 = Debug|Any CPU
		{43CFED78-F3A5-4270-BC07-05D75984685A}.Release|Any CPU.ActiveCfg = Release|Any CPU
		{43CFED78-F3A5-4270-BC07-05D75984685A}.Release|Any CPU.Build.0 = Release|Any CPU
	EndGlobalSection
	GlobalSection(SolutionProperties) = preSolution
		HideSolutionNode = FALSE
	EndGlobalSection
	GlobalSection(ExtensibilityGlobals) = postSolution
		SolutionGuid = {F7159C16-E79F-4BF6-A2DE-F0ECB1AEDD94}
	EndGlobalSection
EndGlobal
